
Microsoft Visual Studio Solution File, Format Version 12.00
# Visual Studio Version 16
VisualStudioVersion = 16.0.29728.190
MinimumVisualStudioVersion = 10.0.40219.1
Project("{9A19103F-16F7-4668-BE54-9A1E7A4F7556}") = "CodingExercise", "CodingExercise\CodingExercise.csproj", "{2CE47C52-46EA-4E83-B574-F79D4BF5F657}"
EndProject
Project("{FAE04EC0-301F-11D3-BF4B-00C04F79EFBC}") = "CodingExercise.UnitTest", "CodingExercise.UnitTest\CodingExercise.UnitTest.csproj", "{93866572-C8D9-4DE0-A5B3-80B1D8CBF94B}"
EndProject
Global
	GlobalSection(SolutionConfigurationPlatforms) = preSolution
		Debug|Any CPU = Debug|Any CPU
		Release|Any CPU = Release|Any CPU
	EndGlobalSection
	GlobalSection(ProjectConfigurationPlatforms) = postSolution
		{2CE47C52-46EA-4E83-B574-F79D4BF5F657}.Debug|Any CPU.ActiveCfg = Debug|Any CPU
		{2CE47C52-46EA-4E83-B574-F79D4BF5F657}.Debug|Any CPU.Build.0 = Debug|Any CPU
		{2CE47C52-46EA-4E83-B574-F79D4BF5F657}.Release|Any CPU.ActiveCfg = Release|Any CPU
		{2CE47C52-46EA-4E83-B574-F79D4BF5F657}.Release|Any CPU.Build.0 = Release|Any CPU
		{93866572-C8D9-4DE0-A5B3-80B1D8CBF94B}.Debug|Any CPU.ActiveCfg = Debug|Any CPU
		{93866572-C8D9-4DE0-A5B3-80B1D8CBF94B}.Debug|Any CPU.Build.0 = Debug|Any CPU
		{93866572-C8D9-4DE0-A5B3-80B1D8CBF94B}.Release|Any CPU.ActiveCfg = Release|Any CPU
		{93866572-C8D9-4DE0-A5B3-80B1D8CBF94B}.Release|Any CPU.Build.0 = Release|Any CPU
	EndGlobalSection
	GlobalSection(SolutionProperties) = preSolution
		HideSolutionNode = FALSE
	EndGlobalSection
	GlobalSection(ExtensibilityGlobals) = postSolution
		SolutionGuid = {6F74DCB3-184B-40F0-90AF-0D1E1D19E1BE}
	EndGlobalSection
EndGlobal
